
Microsoft Visual Studio Solution File, Format Version 12.00
# Visual Studio Version 16
VisualStudioVersion = 16.0.32510.428
MinimumVisualStudioVersion = 10.0.40219.1
Project("{9A19103F-16F7-4668-BE54-9A1E7A4F7556}") = "Sigma_Software", "Sigma_Software\Sigma_Software.csproj", "{D2F11B6A-9E1E-41AF-8152-0D3E63F96085}"
EndProject
Global
	GlobalSection(SolutionConfigurationPlatforms) = preSolution
		Debug|Any CPU = Debug|Any CPU
		Release|Any CPU = Release|Any CPU
	EndGlobalSection
	GlobalSection(ProjectConfigurationPlatforms) = postSolution
		{D2F11B6A-9E1E-41AF-8152-0D3E63F96085}.Debug|Any CPU.ActiveCfg = Debug|Any CPU
		{D2F11B6A-9E1E-41AF-8152-0D3E63F96085}.Debug|Any CPU.Build.0 = Debug|Any CPU
		{D2F11B6A-9E1E-41AF-8152-0D3E63F96085}.Release|Any CPU.ActiveCfg = Release|Any CPU
		{D2F11B6A-9E1E-41AF-8152-0D3E63F96085}.Release|Any CPU.Build.0 = Release|Any CPU
	EndGlobalSection
	GlobalSection(SolutionProperties) = preSolution
		HideSolutionNode = FALSE
	EndGlobalSection
	GlobalSection(ExtensibilityGlobals) = postSolution
		SolutionGuid = {4E39A4E5-86B6-44E0-BD53-1869F26CD81C}
	EndGlobalSection
EndGlobal
