
Microsoft Visual Studio Solution File, Format Version 12.00
# Visual Studio Version 16
VisualStudioVersion = 16.0.32510.428
MinimumVisualStudioVersion = 10.0.40219.1
Project("{9A19103F-16F7-4668-BE54-9A1E7A4F7556}") = "HW_1", "HW_1\HW_1.csproj", "{F41A651A-5AD9-46F7-8804-56A479E00DF4}"
EndProject
Project("{9A19103F-16F7-4668-BE54-9A1E7A4F7556}") = "HW_2", "HW_2\HW_2.csproj", "{70CD43EA-B2CF-494D-ABB2-A3701B44F387}"
EndProject
Project("{9A19103F-16F7-4668-BE54-9A1E7A4F7556}") = "HW_3", "HW_3\HW_3.csproj", "{AFA63C55-616C-492D-8DD3-BB314C4669DB}"
EndProject
Project("{9A19103F-16F7-4668-BE54-9A1E7A4F7556}") = "HW_4", "HW_4\HW_4.csproj", "{C8997669-46BE-4B9A-836D-30B3F5DBF6C8}"
EndProject
Project("{9A19103F-16F7-4668-BE54-9A1E7A4F7556}") = "HW_5", "HW_5\HW_5.csproj", "{03630964-AC42-45E5-BCD9-088414F0189D}"
EndProject
Project("{9A19103F-16F7-4668-BE54-9A1E7A4F7556}") = "HW_6", "HW_6\HW_6.csproj", "{6BDEB67C-B9F7-4DAA-A97D-485D02F9E20E}"
EndProject
Project("{9A19103F-16F7-4668-BE54-9A1E7A4F7556}") = "TestProject", "TestProject\TestProject.csproj", "{4A134BA5-5918-4A60-99CD-6FBF89F26FB5}"
EndProject
Project("{FAE04EC0-301F-11D3-BF4B-00C04F79EFBC}") = "HW_7", "HW_7\HW_7.csproj", "{D3564482-D9B7-49AE-9BDA-11EA1A0DACB7}"
EndProject
Global
	GlobalSection(SolutionConfigurationPlatforms) = preSolution
		Debug|Any CPU = Debug|Any CPU
		Release|Any CPU = Release|Any CPU
	EndGlobalSection
	GlobalSection(ProjectConfigurationPlatforms) = postSolution
		{F41A651A-5AD9-46F7-8804-56A479E00DF4}.Debug|Any CPU.ActiveCfg = Debug|Any CPU
		{F41A651A-5AD9-46F7-8804-56A479E00DF4}.Debug|Any CPU.Build.0 = Debug|Any CPU
		{F41A651A-5AD9-46F7-8804-56A479E00DF4}.Release|Any CPU.ActiveCfg = Release|Any CPU
		{F41A651A-5AD9-46F7-8804-56A479E00DF4}.Release|Any CPU.Build.0 = Release|Any CPU
		{70CD43EA-B2CF-494D-ABB2-A3701B44F387}.Debug|Any CPU.ActiveCfg = Debug|Any CPU
		{70CD43EA-B2CF-494D-ABB2-A3701B44F387}.Debug|Any CPU.Build.0 = Debug|Any CPU
		{70CD43EA-B2CF-494D-ABB2-A3701B44F387}.Release|Any CPU.ActiveCfg = Release|Any CPU
		{70CD43EA-B2CF-494D-ABB2-A3701B44F387}.Release|Any CPU.Build.0 = Release|Any CPU
		{AFA63C55-616C-492D-8DD3-BB314C4669DB}.Debug|Any CPU.ActiveCfg = Debug|Any CPU
		{AFA63C55-616C-492D-8DD3-BB314C4669DB}.Debug|Any CPU.Build.0 = Debug|Any CPU
		{AFA63C55-616C-492D-8DD3-BB314C4669DB}.Release|Any CPU.ActiveCfg = Release|Any CPU
		{AFA63C55-616C-492D-8DD3-BB314C4669DB}.Release|Any CPU.Build.0 = Release|Any CPU
		{C8997669-46BE-4B9A-836D-30B3F5DBF6C8}.Debug|Any CPU.ActiveCfg = Debug|Any CPU
		{C8997669-46BE-4B9A-836D-30B3F5DBF6C8}.Debug|Any CPU.Build.0 = Debug|Any CPU
		{C8997669-46BE-4B9A-836D-30B3F5DBF6C8}.Release|Any CPU.ActiveCfg = Release|Any CPU
		{C8997669-46BE-4B9A-836D-30B3F5DBF6C8}.Release|Any CPU.Build.0 = Release|Any CPU
		{03630964-AC42-45E5-BCD9-088414F0189D}.Debug|Any CPU.ActiveCfg = Debug|Any CPU
		{03630964-AC42-45E5-BCD9-088414F0189D}.Debug|Any CPU.Build.0 = Debug|Any CPU
		{03630964-AC42-45E5-BCD9-088414F0189D}.Release|Any CPU.ActiveCfg = Release|Any CPU
		{03630964-AC42-45E5-BCD9-088414F0189D}.Release|Any CPU.Build.0 = Release|Any CPU
		{6BDEB67C-B9F7-4DAA-A97D-485D02F9E20E}.Debug|Any CPU.ActiveCfg = Debug|Any CPU
		{6BDEB67C-B9F7-4DAA-A97D-485D02F9E20E}.Debug|Any CPU.Build.0 = Debug|Any CPU
		{6BDEB67C-B9F7-4DAA-A97D-485D02F9E20E}.Release|Any CPU.ActiveCfg = Release|Any CPU
		{6BDEB67C-B9F7-4DAA-A97D-485D02F9E20E}.Release|Any CPU.Build.0 = Release|Any CPU
		{4A134BA5-5918-4A60-99CD-6FBF89F26FB5}.Debug|Any CPU.ActiveCfg = Debug|Any CPU
		{4A134BA5-5918-4A60-99CD-6FBF89F26FB5}.Debug|Any CPU.Build.0 = Debug|Any CPU
		{4A134BA5-5918-4A60-99CD-6FBF89F26FB5}.Release|Any CPU.ActiveCfg = Release|Any CPU
		{4A134BA5-5918-4A60-99CD-6FBF89F26FB5}.Release|Any CPU.Build.0 = Release|Any CPU
		{D3564482-D9B7-49AE-9BDA-11EA1A0DACB7}.Debug|Any CPU.ActiveCfg = Debug|Any CPU
		{D3564482-D9B7-49AE-9BDA-11EA1A0DACB7}.Debug|Any CPU.Build.0 = Debug|Any CPU
		{D3564482-D9B7-49AE-9BDA-11EA1A0DACB7}.Release|Any CPU.ActiveCfg = Release|Any CPU
		{D3564482-D9B7-49AE-9BDA-11EA1A0DACB7}.Release|Any CPU.Build.0 = Release|Any CPU
	EndGlobalSection
	GlobalSection(SolutionProperties) = preSolution
		HideSolutionNode = FALSE
	EndGlobalSection
	GlobalSection(ExtensibilityGlobals) = postSolution
		SolutionGuid = {4E39A4E5-86B6-44E0-BD53-1869F26CD81C}
	EndGlobalSection
EndGlobal
